// !$*UTF8*$!
{
	archiveVersion = 1;
	classes = {
	};
	objectVersion = 56;
	objects = {

/* Begin PBXBuildFile section */
		BC96F98D29882C4500DAF812 /* AppDelegate.swift in Sources */ = {isa = PBXBuildFile; fileRef = BC96F98C29882C4500DAF812 /* AppDelegate.swift */; };
		BC96F98F29882C4500DAF812 /* SceneDelegate.swift in Sources */ = {isa = PBXBuildFile; fileRef = BC96F98E29882C4500DAF812 /* SceneDelegate.swift */; };
		BC96F99129882C4500DAF812 /* ViewController.swift in Sources */ = {isa = PBXBuildFile; fileRef = BC96F99029882C4500DAF812 /* ViewController.swift */; };
		BC96F99429882C4500DAF812 /* Main.storyboard in Resources */ = {isa = PBXBuildFile; fileRef = BC96F99229882C4500DAF812 /* Main.storyboard */; };
		BC96F99629882C4600DAF812 /* Assets.xcassets in Resources */ = {isa = PBXBuildFile; fileRef = BC96F99529882C4600DAF812 /* Assets.xcassets */; };
		BC96F99929882C4600DAF812 /* LaunchScreen.storyboard in Resources */ = {isa = PBXBuildFile; fileRef = BC96F99729882C4600DAF812 /* LaunchScreen.storyboard */; };
		BC96F9A429882C4600DAF812 /* BrownfieldFabioAppTests.swift in Sources */ = {isa = PBXBuildFile; fileRef = BC96F9A329882C4600DAF812 /* BrownfieldFabioAppTests.swift */; };
		BC96F9AE29882C4600DAF812 /* BrownfieldFabioAppUITests.swift in Sources */ = {isa = PBXBuildFile; fileRef = BC96F9AD29882C4600DAF812 /* BrownfieldFabioAppUITests.swift */; };
		BC96F9B029882C4600DAF812 /* BrownfieldFabioAppUITestsLaunchTests.swift in Sources */ = {isa = PBXBuildFile; fileRef = BC96F9AF29882C4600DAF812 /* BrownfieldFabioAppUITestsLaunchTests.swift */; };
/* End PBXBuildFile section */

/* Begin PBXContainerItemProxy section */
		BC96F9A029882C4600DAF812 /* PBXContainerItemProxy */ = {
			isa = PBXContainerItemProxy;
			containerPortal = BC96F98129882C4500DAF812 /* Project object */;
			proxyType = 1;
			remoteGlobalIDString = BC96F98829882C4500DAF812;
			remoteInfo = BrownfieldFabioApp;
		};
		BC96F9AA29882C4600DAF812 /* PBXContainerItemProxy */ = {
			isa = PBXContainerItemProxy;
			containerPortal = BC96F98129882C4500DAF812 /* Project object */;
			proxyType = 1;
			remoteGlobalIDString = BC96F98829882C4500DAF812;
			remoteInfo = BrownfieldFabioApp;
		};
/* End PBXContainerItemProxy section */

/* Begin PBXFileReference section */
		BC96F98929882C4500DAF812 /* BrownfieldFabioApp.app */ = {isa = PBXFileReference; explicitFileType = wrapper.application; includeInIndex = 0; path = BrownfieldFabioApp.app; sourceTree = BUILT_PRODUCTS_DIR; };
		BC96F98C29882C4500DAF812 /* AppDelegate.swift */ = {isa = PBXFileReference; lastKnownFileType = sourcecode.swift; path = AppDelegate.swift; sourceTree = "<group>"; };
		BC96F98E29882C4500DAF812 /* SceneDelegate.swift */ = {isa = PBXFileReference; lastKnownFileType = sourcecode.swift; path = SceneDelegate.swift; sourceTree = "<group>"; };
		BC96F99029882C4500DAF812 /* ViewController.swift */ = {isa = PBXFileReference; lastKnownFileType = sourcecode.swift; path = ViewController.swift; sourceTree = "<group>"; };
		BC96F99329882C4500DAF812 /* Base */ = {isa = PBXFileReference; lastKnownFileType = file.storyboard; name = Base; path = Base.lproj/Main.storyboard; sourceTree = "<group>"; };
		BC96F99529882C4600DAF812 /* Assets.xcassets */ = {isa = PBXFileReference; lastKnownFileType = folder.assetcatalog; path = Assets.xcassets; sourceTree = "<group>"; };
		BC96F99829882C4600DAF812 /* Base */ = {isa = PBXFileReference; lastKnownFileType = file.storyboard; name = Base; path = Base.lproj/LaunchScreen.storyboard; sourceTree = "<group>"; };
		BC96F99A29882C4600DAF812 /* Info.plist */ = {isa = PBXFileReference; lastKnownFileType = text.plist.xml; path = Info.plist; sourceTree = "<group>"; };
		BC96F99F29882C4600DAF812 /* BrownfieldFabioAppTests.xctest */ = {isa = PBXFileReference; explicitFileType = wrapper.cfbundle; includeInIndex = 0; path = BrownfieldFabioAppTests.xctest; sourceTree = BUILT_PRODUCTS_DIR; };
		BC96F9A329882C4600DAF812 /* BrownfieldFabioAppTests.swift */ = {isa = PBXFileReference; lastKnownFileType = sourcecode.swift; path = BrownfieldFabioAppTests.swift; sourceTree = "<group>"; };
		BC96F9A929882C4600DAF812 /* BrownfieldFabioAppUITests.xctest */ = {isa = PBXFileReference; explicitFileType = wrapper.cfbundle; includeInIndex = 0; path = BrownfieldFabioAppUITests.xctest; sourceTree = BUILT_PRODUCTS_DIR; };
		BC96F9AD29882C4600DAF812 /* BrownfieldFabioAppUITests.swift */ = {isa = PBXFileReference; lastKnownFileType = sourcecode.swift; path = BrownfieldFabioAppUITests.swift; sourceTree = "<group>"; };
		BC96F9AF29882C4600DAF812 /* BrownfieldFabioAppUITestsLaunchTests.swift */ = {isa = PBXFileReference; lastKnownFileType = sourcecode.swift; path = BrownfieldFabioAppUITestsLaunchTests.swift; sourceTree = "<group>"; };
/* End PBXFileReference section */

/* Begin PBXFrameworksBuildPhase section */
		BC96F98629882C4500DAF812 /* Frameworks */ = {
			isa = PBXFrameworksBuildPhase;
			buildActionMask = 2147483647;
			files = (
			);
			runOnlyForDeploymentPostprocessing = 0;
		};
		BC96F99C29882C4600DAF812 /* Frameworks */ = {
			isa = PBXFrameworksBuildPhase;
			buildActionMask = 2147483647;
			files = (
			);
			runOnlyForDeploymentPostprocessing = 0;
		};
		BC96F9A629882C4600DAF812 /* Frameworks */ = {
			isa = PBXFrameworksBuildPhase;
			buildActionMask = 2147483647;
			files = (
			);
			runOnlyForDeploymentPostprocessing = 0;
		};
/* End PBXFrameworksBuildPhase section */

/* Begin PBXGroup section */
		BC96F98029882C4500DAF812 = {
			isa = PBXGroup;
			children = (
				BC96F98B29882C4500DAF812 /* BrownfieldFabioApp */,
				BC96F9A229882C4600DAF812 /* BrownfieldFabioAppTests */,
				BC96F9AC29882C4600DAF812 /* BrownfieldFabioAppUITests */,
				BC96F98A29882C4500DAF812 /* Products */,
			);
			sourceTree = "<group>";
		};
		BC96F98A29882C4500DAF812 /* Products */ = {
			isa = PBXGroup;
			children = (
				BC96F98929882C4500DAF812 /* BrownfieldFabioApp.app */,
				BC96F99F29882C4600DAF812 /* BrownfieldFabioAppTests.xctest */,
				BC96F9A929882C4600DAF812 /* BrownfieldFabioAppUITests.xctest */,
			);
			name = Products;
			sourceTree = "<group>";
		};
		BC96F98B29882C4500DAF812 /* BrownfieldFabioApp */ = {
			isa = PBXGroup;
			children = (
				BC96F98C29882C4500DAF812 /* AppDelegate.swift */,
				BC96F98E29882C4500DAF812 /* SceneDelegate.swift */,
				BC96F99029882C4500DAF812 /* ViewController.swift */,
				BC96F99229882C4500DAF812 /* Main.storyboard */,
				BC96F99529882C4600DAF812 /* Assets.xcassets */,
				BC96F99729882C4600DAF812 /* LaunchScreen.storyboard */,
				BC96F99A29882C4600DAF812 /* Info.plist */,
			);
			path = BrownfieldFabioApp;
			sourceTree = "<group>";
		};
		BC96F9A229882C4600DAF812 /* BrownfieldFabioAppTests */ = {
			isa = PBXGroup;
			children = (
				BC96F9A329882C4600DAF812 /* BrownfieldFabioAppTests.swift */,
			);
			path = BrownfieldFabioAppTests;
			sourceTree = "<group>";
		};
		BC96F9AC29882C4600DAF812 /* BrownfieldFabioAppUITests */ = {
			isa = PBXGroup;
			children = (
				BC96F9AD29882C4600DAF812 /* BrownfieldFabioAppUITests.swift */,
				BC96F9AF29882C4600DAF812 /* BrownfieldFabioAppUITestsLaunchTests.swift */,
			);
			path = BrownfieldFabioAppUITests;
			sourceTree = "<group>";
		};
/* End PBXGroup section */

/* Begin PBXNativeTarget section */
		BC96F98829882C4500DAF812 /* BrownfieldFabioApp */ = {
			isa = PBXNativeTarget;
			buildConfigurationList = BC96F9B329882C4600DAF812 /* Build configuration list for PBXNativeTarget "BrownfieldFabioApp" */;
			buildPhases = (
				BC96F98529882C4500DAF812 /* Sources */,
				BC96F98629882C4500DAF812 /* Frameworks */,
				BC96F98729882C4500DAF812 /* Resources */,
			);
			buildRules = (
			);
			dependencies = (
			);
			name = BrownfieldFabioApp;
			productName = BrownfieldFabioApp;
			productReference = BC96F98929882C4500DAF812 /* BrownfieldFabioApp.app */;
			productType = "com.apple.product-type.application";
		};
		BC96F99E29882C4600DAF812 /* BrownfieldFabioAppTests */ = {
			isa = PBXNativeTarget;
			buildConfigurationList = BC96F9B629882C4600DAF812 /* Build configuration list for PBXNativeTarget "BrownfieldFabioAppTests" */;
			buildPhases = (
				BC96F99B29882C4600DAF812 /* Sources */,
				BC96F99C29882C4600DAF812 /* Frameworks */,
				BC96F99D29882C4600DAF812 /* Resources */,
			);
			buildRules = (
			);
			dependencies = (
				BC96F9A129882C4600DAF812 /* PBXTargetDependency */,
			);
			name = BrownfieldFabioAppTests;
			productName = BrownfieldFabioAppTests;
			productReference = BC96F99F29882C4600DAF812 /* BrownfieldFabioAppTests.xctest */;
			productType = "com.apple.product-type.bundle.unit-test";
		};
		BC96F9A829882C4600DAF812 /* BrownfieldFabioAppUITests */ = {
			isa = PBXNativeTarget;
			buildConfigurationList = BC96F9B929882C4600DAF812 /* Build configuration list for PBXNativeTarget "BrownfieldFabioAppUITests" */;
			buildPhases = (
				BC96F9A529882C4600DAF812 /* Sources */,
				BC96F9A629882C4600DAF812 /* Frameworks */,
				BC96F9A729882C4600DAF812 /* Resources */,
			);
			buildRules = (
			);
			dependencies = (
				BC96F9AB29882C4600DAF812 /* PBXTargetDependency */,
			);
			name = BrownfieldFabioAppUITests;
			productName = BrownfieldFabioAppUITests;
			productReference = BC96F9A929882C4600DAF812 /* BrownfieldFabioAppUITests.xctest */;
			productType = "com.apple.product-type.bundle.ui-testing";
		};
/* End PBXNativeTarget section */

/* Begin PBXProject section */
		BC96F98129882C4500DAF812 /* Project object */ = {
			isa = PBXProject;
			attributes = {
				BuildIndependentTargetsInParallel = 1;
				LastSwiftUpdateCheck = 1420;
				LastUpgradeCheck = 1420;
				TargetAttributes = {
					BC96F98829882C4500DAF812 = {
						CreatedOnToolsVersion = 14.2;
					};
					BC96F99E29882C4600DAF812 = {
						CreatedOnToolsVersion = 14.2;
						TestTargetID = BC96F98829882C4500DAF812;
					};
					BC96F9A829882C4600DAF812 = {
						CreatedOnToolsVersion = 14.2;
						TestTargetID = BC96F98829882C4500DAF812;
					};
				};
			};
			buildConfigurationList = BC96F98429882C4500DAF812 /* Build configuration list for PBXProject "BrownfieldFabioApp" */;
			compatibilityVersion = "Xcode 14.0";
			developmentRegion = en;
			hasScannedForEncodings = 0;
			knownRegions = (
				en,
				Base,
			);
			mainGroup = BC96F98029882C4500DAF812;
			productRefGroup = BC96F98A29882C4500DAF812 /* Products */;
			projectDirPath = "";
			projectRoot = "";
			targets = (
				BC96F98829882C4500DAF812 /* BrownfieldFabioApp */,
				BC96F99E29882C4600DAF812 /* BrownfieldFabioAppTests */,
				BC96F9A829882C4600DAF812 /* BrownfieldFabioAppUITests */,
			);
		};
/* End PBXProject section */

/* Begin PBXResourcesBuildPhase section */
		BC96F98729882C4500DAF812 /* Resources */ = {
			isa = PBXResourcesBuildPhase;
			buildActionMask = 2147483647;
			files = (
				BC96F99929882C4600DAF812 /* LaunchScreen.storyboard in Resources */,
				BC96F99629882C4600DAF812 /* Assets.xcassets in Resources */,
				BC96F99429882C4500DAF812 /* Main.storyboard in Resources */,
			);
			runOnlyForDeploymentPostprocessing = 0;
		};
		BC96F99D29882C4600DAF812 /* Resources */ = {
			isa = PBXResourcesBuildPhase;
			buildActionMask = 2147483647;
			files = (
			);
			runOnlyForDeploymentPostprocessing = 0;
		};
		BC96F9A729882C4600DAF812 /* Resources */ = {
			isa = PBXResourcesBuildPhase;
			buildActionMask = 2147483647;
			files = (
			);
			runOnlyForDeploymentPostprocessing = 0;
		};
/* End PBXResourcesBuildPhase section */

/* Begin PBXSourcesBuildPhase section */
		BC96F98529882C4500DAF812 /* Sources */ = {
			isa = PBXSourcesBuildPhase;
			buildActionMask = 2147483647;
			files = (
				BC96F99129882C4500DAF812 /* ViewController.swift in Sources */,
				BC96F98D29882C4500DAF812 /* AppDelegate.swift in Sources */,
				BC96F98F29882C4500DAF812 /* SceneDelegate.swift in Sources */,
			);
			runOnlyForDeploymentPostprocessing = 0;
		};
		BC96F99B29882C4600DAF812 /* Sources */ = {
			isa = PBXSourcesBuildPhase;
			buildActionMask = 2147483647;
			files = (
				BC96F9A429882C4600DAF812 /* BrownfieldFabioAppTests.swift in Sources */,
			);
			runOnlyForDeploymentPostprocessing = 0;
		};
		BC96F9A529882C4600DAF812 /* Sources */ = {
			isa = PBXSourcesBuildPhase;
			buildActionMask = 2147483647;
			files = (
				BC96F9B029882C4600DAF812 /* BrownfieldFabioAppUITestsLaunchTests.swift in Sources */,
				BC96F9AE29882C4600DAF812 /* BrownfieldFabioAppUITests.swift in Sources */,
			);
			runOnlyForDeploymentPostprocessing = 0;
		};
/* End PBXSourcesBuildPhase section */

/* Begin PBXTargetDependency section */
		BC96F9A129882C4600DAF812 /* PBXTargetDependency */ = {
			isa = PBXTargetDependency;
			target = BC96F98829882C4500DAF812 /* BrownfieldFabioApp */;
			targetProxy = BC96F9A029882C4600DAF812 /* PBXContainerItemProxy */;
		};
		BC96F9AB29882C4600DAF812 /* PBXTargetDependency */ = {
			isa = PBXTargetDependency;
			target = BC96F98829882C4500DAF812 /* BrownfieldFabioApp */;
			targetProxy = BC96F9AA29882C4600DAF812 /* PBXContainerItemProxy */;
		};
/* End PBXTargetDependency section */

/* Begin PBXVariantGroup section */
		BC96F99229882C4500DAF812 /* Main.storyboard */ = {
			isa = PBXVariantGroup;
			children = (
				BC96F99329882C4500DAF812 /* Base */,
			);
			name = Main.storyboard;
			sourceTree = "<group>";
		};
		BC96F99729882C4600DAF812 /* LaunchScreen.storyboard */ = {
			isa = PBXVariantGroup;
			children = (
				BC96F99829882C4600DAF812 /* Base */,
			);
			name = LaunchScreen.storyboard;
			sourceTree = "<group>";
		};
/* End PBXVariantGroup section */

/* Begin XCBuildConfiguration section */
		BC96F9B129882C4600DAF812 /* Debug */ = {
			isa = XCBuildConfiguration;
			buildSettings = {
				ALWAYS_SEARCH_USER_PATHS = NO;
				CLANG_ANALYZER_NONNULL = YES;
				CLANG_ANALYZER_NUMBER_OBJECT_CONVERSION = YES_AGGRESSIVE;
				CLANG_CXX_LANGUAGE_STANDARD = "gnu++20";
				CLANG_ENABLE_MODULES = YES;
				CLANG_ENABLE_OBJC_ARC = YES;
				CLANG_ENABLE_OBJC_WEAK = YES;
				CLANG_WARN_BLOCK_CAPTURE_AUTORELEASING = YES;
				CLANG_WARN_BOOL_CONVERSION = YES;
				CLANG_WARN_COMMA = YES;
				CLANG_WARN_CONSTANT_CONVERSION = YES;
				CLANG_WARN_DEPRECATED_OBJC_IMPLEMENTATIONS = YES;
				CLANG_WARN_DIRECT_OBJC_ISA_USAGE = YES_ERROR;
				CLANG_WARN_DOCUMENTATION_COMMENTS = YES;
				CLANG_WARN_EMPTY_BODY = YES;
				CLANG_WARN_ENUM_CONVERSION = YES;
				CLANG_WARN_INFINITE_RECURSION = YES;
				CLANG_WARN_INT_CONVERSION = YES;
				CLANG_WARN_NON_LITERAL_NULL_CONVERSION = YES;
				CLANG_WARN_OBJC_IMPLICIT_RETAIN_SELF = YES;
				CLANG_WARN_OBJC_LITERAL_CONVERSION = YES;
				CLANG_WARN_OBJC_ROOT_CLASS = YES_ERROR;
				CLANG_WARN_QUOTED_INCLUDE_IN_FRAMEWORK_HEADER = YES;
				CLANG_WARN_RANGE_LOOP_ANALYSIS = YES;
				CLANG_WARN_STRICT_PROTOTYPES = YES;
				CLANG_WARN_SUSPICIOUS_MOVE = YES;
				CLANG_WARN_UNGUARDED_AVAILABILITY = YES_AGGRESSIVE;
				CLANG_WARN_UNREACHABLE_CODE = YES;
				CLANG_WARN__DUPLICATE_METHOD_MATCH = YES;
				COPY_PHASE_STRIP = NO;
				DEBUG_INFORMATION_FORMAT = dwarf;
				ENABLE_STRICT_OBJC_MSGSEND = YES;
				ENABLE_TESTABILITY = YES;
				GCC_C_LANGUAGE_STANDARD = gnu11;
				GCC_DYNAMIC_NO_PIC = NO;
				GCC_NO_COMMON_BLOCKS = YES;
				GCC_OPTIMIZATION_LEVEL = 0;
				GCC_PREPROCESSOR_DEFINITIONS = (
					"DEBUG=1",
					"$(inherited)",
				);
				GCC_WARN_64_TO_32_BIT_CONVERSION = YES;
				GCC_WARN_ABOUT_RETURN_TYPE = YES_ERROR;
				GCC_WARN_UNDECLARED_SELECTOR = YES;
				GCC_WARN_UNINITIALIZED_AUTOS = YES_AGGRESSIVE;
				GCC_WARN_UNUSED_FUNCTION = YES;
				GCC_WARN_UNUSED_VARIABLE = YES;
				IPHONEOS_DEPLOYMENT_TARGET = 16.2;
				MTL_ENABLE_DEBUG_INFO = INCLUDE_SOURCE;
				MTL_FAST_MATH = YES;
				ONLY_ACTIVE_ARCH = YES;
				SDKROOT = iphoneos;
				SWIFT_ACTIVE_COMPILATION_CONDITIONS = DEBUG;
				SWIFT_OPTIMIZATION_LEVEL = "-Onone";
			};
			name = Debug;
		};
		BC96F9B229882C4600DAF812 /* Release */ = {
			isa = XCBuildConfiguration;
			buildSettings = {
				ALWAYS_SEARCH_USER_PATHS = NO;
				CLANG_ANALYZER_NONNULL = YES;
				CLANG_ANALYZER_NUMBER_OBJECT_CONVERSION = YES_AGGRESSIVE;
				CLANG_CXX_LANGUAGE_STANDARD = "gnu++20";
				CLANG_ENABLE_MODULES = YES;
				CLANG_ENABLE_OBJC_ARC = YES;
				CLANG_ENABLE_OBJC_WEAK = YES;
				CLANG_WARN_BLOCK_CAPTURE_AUTORELEASING = YES;
				CLANG_WARN_BOOL_CONVERSION = YES;
				CLANG_WARN_COMMA = YES;
				CLANG_WARN_CONSTANT_CONVERSION = YES;
				CLANG_WARN_DEPRECATED_OBJC_IMPLEMENTATIONS = YES;
				CLANG_WARN_DIRECT_OBJC_ISA_USAGE = YES_ERROR;
				CLANG_WARN_DOCUMENTATION_COMMENTS = YES;
				CLANG_WARN_EMPTY_BODY = YES;
				CLANG_WARN_ENUM_CONVERSION = YES;
				CLANG_WARN_INFINITE_RECURSION = YES;
				CLANG_WARN_INT_CONVERSION = YES;
				CLANG_WARN_NON_LITERAL_NULL_CONVERSION = YES;
				CLANG_WARN_OBJC_IMPLICIT_RETAIN_SELF = YES;
				CLANG_WARN_OBJC_LITERAL_CONVERSION = YES;
				CLANG_WARN_OBJC_ROOT_CLASS = YES_ERROR;
				CLANG_WARN_QUOTED_INCLUDE_IN_FRAMEWORK_HEADER = YES;
				CLANG_WARN_RANGE_LOOP_ANALYSIS = YES;
				CLANG_WARN_STRICT_PROTOTYPES = YES;
				CLANG_WARN_SUSPICIOUS_MOVE = YES;
				CLANG_WARN_UNGUARDED_AVAILABILITY = YES_AGGRESSIVE;
				CLANG_WARN_UNREACHABLE_CODE = YES;
				CLANG_WARN__DUPLICATE_METHOD_MATCH = YES;
				COPY_PHASE_STRIP = NO;
				DEBUG_INFORMATION_FORMAT = "dwarf-with-dsym";
				ENABLE_NS_ASSERTIONS = NO;
				ENABLE_STRICT_OBJC_MSGSEND = YES;
				GCC_C_LANGUAGE_STANDARD = gnu11;
				GCC_NO_COMMON_BLOCKS = YES;
				GCC_WARN_64_TO_32_BIT_CONVERSION = YES;
				GCC_WARN_ABOUT_RETURN_TYPE = YES_ERROR;
				GCC_WARN_UNDECLARED_SELECTOR = YES;
				GCC_WARN_UNINITIALIZED_AUTOS = YES_AGGRESSIVE;
				GCC_WARN_UNUSED_FUNCTION = YES;
				GCC_WARN_UNUSED_VARIABLE = YES;
				IPHONEOS_DEPLOYMENT_TARGET = 16.2;
				MTL_ENABLE_DEBUG_INFO = NO;
				MTL_FAST_MATH = YES;
				SDKROOT = iphoneos;
				SWIFT_COMPILATION_MODE = wholemodule;
				SWIFT_OPTIMIZATION_LEVEL = "-O";
				VALIDATE_PRODUCT = YES;
			};
			name = Release;
		};
		BC96F9B429882C4600DAF812 /* Debug */ = {
			isa = XCBuildConfiguration;
			buildSettings = {
				ASSETCATALOG_COMPILER_APPICON_NAME = AppIcon;
				ASSETCATALOG_COMPILER_GLOBAL_ACCENT_COLOR_NAME = AccentColor;
				CODE_SIGN_STYLE = Automatic;
				CURRENT_PROJECT_VERSION = 1;
				GENERATE_INFOPLIST_FILE = YES;
				INFOPLIST_FILE = BrownfieldFabioApp/Info.plist;
				INFOPLIST_KEY_UIApplicationSupportsIndirectInputEvents = YES;
				INFOPLIST_KEY_UILaunchStoryboardName = LaunchScreen;
				INFOPLIST_KEY_UIMainStoryboardFile = Main;
				INFOPLIST_KEY_UISupportedInterfaceOrientations_iPad = "UIInterfaceOrientationPortrait UIInterfaceOrientationPortraitUpsideDown UIInterfaceOrientationLandscapeLeft UIInterfaceOrientationLandscapeRight";
				INFOPLIST_KEY_UISupportedInterfaceOrientations_iPhone = "UIInterfaceOrientationPortrait UIInterfaceOrientationLandscapeLeft UIInterfaceOrientationLandscapeRight";
				LD_RUNPATH_SEARCH_PATHS = (
					"$(inherited)",
					"@executable_path/Frameworks",
				);
				MARKETING_VERSION = 1.0;
				PRODUCT_BUNDLE_IDENTIFIER = com.fabio.BrownfieldFabioApp;
				PRODUCT_NAME = "$(TARGET_NAME)";
				SWIFT_EMIT_LOC_STRINGS = YES;
				SWIFT_VERSION = 5.0;
				TARGETED_DEVICE_FAMILY = "1,2";
			};
			name = Debug;
		};
		BC96F9B529882C4600DAF812 /* Release */ = {
			isa = XCBuildConfiguration;
			buildSettings = {
				ASSETCATALOG_COMPILER_APPICON_NAME = AppIcon;
				ASSETCATALOG_COMPILER_GLOBAL_ACCENT_COLOR_NAME = AccentColor;
				CODE_SIGN_STYLE = Automatic;
				CURRENT_PROJECT_VERSION = 1;
				GENERATE_INFOPLIST_FILE = YES;
				INFOPLIST_FILE = BrownfieldFabioApp/Info.plist;
				INFOPLIST_KEY_UIApplicationSupportsIndirectInputEvents = YES;
				INFOPLIST_KEY_UILaunchStoryboardName = LaunchScreen;
				INFOPLIST_KEY_UIMainStoryboardFile = Main;
				INFOPLIST_KEY_UISupportedInterfaceOrientations_iPad = "UIInterfaceOrientationPortrait UIInterfaceOrientationPortraitUpsideDown UIInterfaceOrientationLandscapeLeft UIInterfaceOrientationLandscapeRight";
				INFOPLIST_KEY_UISupportedInterfaceOrientations_iPhone = "UIInterfaceOrientationPortrait UIInterfaceOrientationLandscapeLeft UIInterfaceOrientationLandscapeRight";
				LD_RUNPATH_SEARCH_PATHS = (
					"$(inherited)",
					"@executable_path/Frameworks",
				);
				MARKETING_VERSION = 1.0;
				PRODUCT_BUNDLE_IDENTIFIER = com.fabio.BrownfieldFabioApp;
				PRODUCT_NAME = "$(TARGET_NAME)";
				SWIFT_EMIT_LOC_STRINGS = YES;
				SWIFT_VERSION = 5.0;
				TARGETED_DEVICE_FAMILY = "1,2";
			};
			name = Release;
		};
		BC96F9B729882C4600DAF812 /* Debug */ = {
			isa = XCBuildConfiguration;
			buildSettings = {
				ALWAYS_EMBED_SWIFT_STANDARD_LIBRARIES = YES;
				BUNDLE_LOADER = "$(TEST_HOST)";
				CODE_SIGN_STYLE = Automatic;
				CURRENT_PROJECT_VERSION = 1;
				GENERATE_INFOPLIST_FILE = YES;
				IPHONEOS_DEPLOYMENT_TARGET = 16.2;
				MARKETING_VERSION = 1.0;
				PRODUCT_BUNDLE_IDENTIFIER = com.fabio.BrownfieldFabioAppTests;
				PRODUCT_NAME = "$(TARGET_NAME)";
				SWIFT_EMIT_LOC_STRINGS = NO;
				SWIFT_VERSION = 5.0;
				TARGETED_DEVICE_FAMILY = "1,2";
				TEST_HOST = "$(BUILT_PRODUCTS_DIR)/BrownfieldFabioApp.app/$(BUNDLE_EXECUTABLE_FOLDER_PATH)/BrownfieldFabioApp";
			};
			name = Debug;
		};
		BC96F9B829882C4600DAF812 /* Release */ = {
			isa = XCBuildConfiguration;
			buildSettings = {
				ALWAYS_EMBED_SWIFT_STANDARD_LIBRARIES = YES;
				BUNDLE_LOADER = "$(TEST_HOST)";
				CODE_SIGN_STYLE = Automatic;
				CURRENT_PROJECT_VERSION = 1;
				GENERATE_INFOPLIST_FILE = YES;
				IPHONEOS_DEPLOYMENT_TARGET = 16.2;
				MARKETING_VERSION = 1.0;
				PRODUCT_BUNDLE_IDENTIFIER = com.fabio.BrownfieldFabioAppTests;
				PRODUCT_NAME = "$(TARGET_NAME)";
				SWIFT_EMIT_LOC_STRINGS = NO;
				SWIFT_VERSION = 5.0;
				TARGETED_DEVICE_FAMILY = "1,2";
				TEST_HOST = "$(BUILT_PRODUCTS_DIR)/BrownfieldFabioApp.app/$(BUNDLE_EXECUTABLE_FOLDER_PATH)/BrownfieldFabioApp";
			};
			name = Release;
		};
		BC96F9BA29882C4600DAF812 /* Debug */ = {
			isa = XCBuildConfiguration;
			buildSettings = {
				ALWAYS_EMBED_SWIFT_STANDARD_LIBRARIES = YES;
				CODE_SIGN_STYLE = Automatic;
				CURRENT_PROJECT_VERSION = 1;
				GENERATE_INFOPLIST_FILE = YES;
				MARKETING_VERSION = 1.0;
				PRODUCT_BUNDLE_IDENTIFIER = com.fabio.BrownfieldFabioAppUITests;
				PRODUCT_NAME = "$(TARGET_NAME)";
				SWIFT_EMIT_LOC_STRINGS = NO;
				SWIFT_VERSION = 5.0;
				TARGETED_DEVICE_FAMILY = "1,2";
				TEST_TARGET_NAME = BrownfieldFabioApp;
			};
			name = Debug;
		};
		BC96F9BB29882C4600DAF812 /* Release */ = {
			isa = XCBuildConfiguration;
			buildSettings = {
				ALWAYS_EMBED_SWIFT_STANDARD_LIBRARIES = YES;
				CODE_SIGN_STYLE = Automatic;
				CURRENT_PROJECT_VERSION = 1;
				GENERATE_INFOPLIST_FILE = YES;
				MARKETING_VERSION = 1.0;
				PRODUCT_BUNDLE_IDENTIFIER = com.fabio.BrownfieldFabioAppUITests;
				PRODUCT_NAME = "$(TARGET_NAME)";
				SWIFT_EMIT_LOC_STRINGS = NO;
				SWIFT_VERSION = 5.0;
				TARGETED_DEVICE_FAMILY = "1,2";
				TEST_TARGET_NAME = BrownfieldFabioApp;
			};
			name = Release;
		};
/* End XCBuildConfiguration section */

/* Begin XCConfigurationList section */
		BC96F98429882C4500DAF812 /* Build configuration list for PBXProject "BrownfieldFabioApp" */ = {
			isa = XCConfigurationList;
			buildConfigurations = (
				BC96F9B129882C4600DAF812 /* Debug */,
				BC96F9B229882C4600DAF812 /* Release */,
			);
			defaultConfigurationIsVisible = 0;
			defaultConfigurationName = Release;
		};
		BC96F9B329882C4600DAF812 /* Build configuration list for PBXNativeTarget "BrownfieldFabioApp" */ = {
			isa = XCConfigurationList;
			buildConfigurations = (
				BC96F9B429882C4600DAF812 /* Debug */,
				BC96F9B529882C4600DAF812 /* Release */,
			);
			defaultConfigurationIsVisible = 0;
			defaultConfigurationName = Release;
		};
		BC96F9B629882C4600DAF812 /* Build configuration list for PBXNativeTarget "BrownfieldFabioAppTests" */ = {
			isa = XCConfigurationList;
			buildConfigurations = (
				BC96F9B729882C4600DAF812 /* Debug */,
				BC96F9B829882C4600DAF812 /* Release */,
			);
			defaultConfigurationIsVisible = 0;
			defaultConfigurationName = Release;
		};
		BC96F9B929882C4600DAF812 /* Build configuration list for PBXNativeTarget "BrownfieldFabioAppUITests" */ = {
			isa = XCConfigurationList;
			buildConfigurations = (
				BC96F9BA29882C4600DAF812 /* Debug */,
				BC96F9BB29882C4600DAF812 /* Release */,
			);
			defaultConfigurationIsVisible = 0;
			defaultConfigurationName = Release;
		};
/* End XCConfigurationList section */
	};
	rootObject = BC96F98129882C4500DAF812 /* Project object */;
}
